
Microsoft Visual Studio Solution File, Format Version 12.00
# Visual Studio 15
VisualStudioVersion = 15.0.28307.168
MinimumVisualStudioVersion = 10.0.40219.1
Project("{FAE04EC0-301F-11D3-BF4B-00C04F79EFBC}") = "Neo4jTests", "Neo4jTests\Neo4jTests.csproj", "{38F54CED-7709-4225-A33E-132043870F49}"
EndProject
Global
	GlobalSection(SolutionConfigurationPlatforms) = preSolution
		Debug|Any CPU = Debug|Any CPU
		Release|Any CPU = Release|Any CPU
	EndGlobalSection
	GlobalSection(ProjectConfigurationPlatforms) = postSolution
		{38F54CED-7709-4225-A33E-132043870F49}.Debug|Any CPU.ActiveCfg = Debug|Any CPU
		{38F54CED-7709-4225-A33E-132043870F49}.Debug|Any CPU.Build.0 = Debug|Any CPU
		{38F54CED-7709-4225-A33E-132043870F49}.Release|Any CPU.ActiveCfg = Release|Any CPU
		{38F54CED-7709-4225-A33E-132043870F49}.Release|Any CPU.Build.0 = Release|Any CPU
	EndGlobalSection
	GlobalSection(SolutionProperties) = preSolution
		HideSolutionNode = FALSE
	EndGlobalSection
	GlobalSection(ExtensibilityGlobals) = postSolution
		SolutionGuid = {B48C50F7-43DE-40C8-B31E-25298B091E11}
	EndGlobalSection
EndGlobal
